
Microsoft Visual Studio Solution File, Format Version 12.00
# Visual Studio Version 16
VisualStudioVersion = 16.0.30709.132
MinimumVisualStudioVersion = 10.0.40219.1
Project("{FAE04EC0-301F-11D3-BF4B-00C04F79EFBC}") = "MasterMind COMP 1003", "MasterMind COMP 1003\MasterMind COMP 1003.csproj", "{E208E308-DD55-4B80-92F8-9EC4894789B2}"
EndProject
Global
	GlobalSection(SolutionConfigurationPlatforms) = preSolution
		Debug|Any CPU = Debug|Any CPU
		Release|Any CPU = Release|Any CPU
	EndGlobalSection
	GlobalSection(ProjectConfigurationPlatforms) = postSolution
		{E208E308-DD55-4B80-92F8-9EC4894789B2}.Debug|Any CPU.ActiveCfg = Debug|Any CPU
		{E208E308-DD55-4B80-92F8-9EC4894789B2}.Debug|Any CPU.Build.0 = Debug|Any CPU
		{E208E308-DD55-4B80-92F8-9EC4894789B2}.Release|Any CPU.ActiveCfg = Release|Any CPU
		{E208E308-DD55-4B80-92F8-9EC4894789B2}.Release|Any CPU.Build.0 = Release|Any CPU
	EndGlobalSection
	GlobalSection(SolutionProperties) = preSolution
		HideSolutionNode = FALSE
	EndGlobalSection
	GlobalSection(ExtensibilityGlobals) = postSolution
		SolutionGuid = {F7ABA7E7-2ADD-44F6-9D3A-3A769A1977C3}
	EndGlobalSection
EndGlobal
